# THIS IS AN AUTOGENERATED FILE. DO NOT EDIT THIS FILE DIRECTLY.
# yarn lockfile v1


"@pixi/accessibility@6.0.2":
  version "6.0.2"
  resolved "https://registry.yarnpkg.com/@pixi/accessibility/-/accessibility-6.0.2.tgz#49c3d940ccf5360df64e354dcb75374f58795b62"
  integrity sha512-zHJcrGmpphnqjUQr+5HhcoInuKxZu3PxGl/NRgTC5gpWp259D0LBPT7k3Lt45r4kruDCMUGpMZVb1s46IZniSQ==
  dependencies:
    "@pixi/canvas-renderer" "6.0.2"
    "@pixi/core" "6.0.2"
    "@pixi/display" "6.0.2"
    "@pixi/utils" "6.0.2"

"@pixi/app@6.0.2":
  version "6.0.2"
  resolved "https://registry.yarnpkg.com/@pixi/app/-/app-6.0.2.tgz#bf6eb145b9c311047aa29ef84db22eb6a47b3696"
  integrity sha512-zHCzO0K5jJ48ngbH4FpdYJh1LxuGn9mJSIOF8YorqXFt+3drM9R9/qGGfSGdA9O7rW0O0uIkSndQwPXIlOIsUA==
  dependencies:
    "@pixi/core" "6.0.2"
    "@pixi/display" "6.0.2"

"@pixi/canvas-renderer@6.0.2":
  version "6.0.2"
  resolved "https://registry.yarnpkg.com/@pixi/canvas-renderer/-/canvas-renderer-6.0.2.tgz#35b11e3c3ffca0dd68e37cac80159b0cd71df02f"
  integrity sha512-SL3pLxAjEQdVN8Tp/p2svciKeA0DRH7HhlO95frVwxzvG4Z3GGYU39f3ejtCaLPqLGzEJmLND7lbIXh0b+Ornw==
  dependencies:
    "@pixi/constants" "6.0.2"
    "@pixi/core" "6.0.2"
    "@pixi/math" "6.0.2"
    "@pixi/settings" "6.0.2"
    "@pixi/utils" "6.0.2"

"@pixi/compressed-textures@6.0.2":
  version "6.0.2"
  resolved "https://registry.yarnpkg.com/@pixi/compressed-textures/-/compressed-textures-6.0.2.tgz#bb5141fa4a184d3c488f8cddfeed49139b7ec8e4"
  integrity sha512-SDuCLn/IEo8j1O+OYPVYy3Dz8+jAXLPdJsMYfs4GOGhsQWZ9js5bfLXWuwr6QRPOXoR3e8zb9qC3co8149pNLg==
  dependencies:
    "@pixi/constants" "6.0.2"
    "@pixi/core" "6.0.2"
    "@pixi/loaders" "6.0.2"

"@pixi/constants@6.0.2":
  version "6.0.2"
  resolved "https://registry.yarnpkg.com/@pixi/constants/-/constants-6.0.2.tgz#40e9c6b811ef51f59c01ec18fb6b80aad0abd17b"
  integrity sha512-4GSVKWr+qtjTj8IpRjXSnpkhF944ybjTSz9FnoqZZJgFxh/+9r53StHEGtKoK+BsSrmqbGzWax9krfc620KcLA==

"@pixi/core@6.0.2":
  version "6.0.2"
  resolved "https://registry.yarnpkg.com/@pixi/core/-/core-6.0.2.tgz#f4ad52dda930b816188fc086d2245ceb89847547"
  integrity sha512-Bz0WQDncrXuLEjU6pX5INrCLd5UorgBfufgysQzncOITIER4sZjAq5R/mCS1M3d4mGFhXZQyMyQK+O4LacWvOQ==
  dependencies:
    "@pixi/constants" "6.0.2"
    "@pixi/math" "6.0.2"
    "@pixi/runner" "6.0.2"
    "@pixi/settings" "6.0.2"
    "@pixi/ticker" "6.0.2"
    "@pixi/utils" "6.0.2"

"@pixi/display@6.0.2":
  version "6.0.2"
  resolved "https://registry.yarnpkg.com/@pixi/display/-/display-6.0.2.tgz#86833596e066874060d5ed770c08f27e3fe55918"
  integrity sha512-5qJxwT07McA7EK2yFhqvAjEJpap4Xa2hUCRDfsxl+Fu1Y3zDNBKI7HB8+mWZdYtSnnh5fJxrrw5lPo4HX7M+6w==
  dependencies:
    "@pixi/math" "6.0.2"
    "@pixi/settings" "6.0.2"
    "@pixi/utils" "6.0.2"

"@pixi/extract@6.0.2":
  version "6.0.2"
  resolved "https://registry.yarnpkg.com/@pixi/extract/-/extract-6.0.2.tgz#dec9c33b9c610807699e211829c021e177f8b497"
  integrity sha512-vGrewyLREzZOGAjcJO60s7oDm8ATbJOB5KyxuJXOSmIuhEmP69ohmxt1Rk6W8nfUS5m3gYU2KsY//RfDghHzVA==
  dependencies:
    "@pixi/core" "6.0.2"
    "@pixi/math" "6.0.2"
    "@pixi/utils" "6.0.2"

"@pixi/filter-alpha@6.0.2":
  version "6.0.2"
  resolved "https://registry.yarnpkg.com/@pixi/filter-alpha/-/filter-alpha-6.0.2.tgz#71b4da79468bab9ee0520e62d04966d2191679d0"
  integrity sha512-fk7I2mCdQLbt9KrxiCd1103okSoNGXnxa1uY1V66jouSo51IXB3PkNEIFbET/cYOM7kKiMui20sYath1g596ag==
  dependencies:
    "@pixi/core" "6.0.2"

"@pixi/filter-blur@6.0.2":
  version "6.0.2"
  resolved "https://registry.yarnpkg.com/@pixi/filter-blur/-/filter-blur-6.0.2.tgz#ebc67a29f2a9eb9ca4c6e3b00b9c42bda650429d"
  integrity sha512-FzaIl4l10lOW4+1SWFjLvK3MtH66zBG1SEa/cMUcVOfwZRIrg5pY3X842kZhNErm42yr9N2xBtKwwVBqQRbV8w==
  dependencies:
    "@pixi/core" "6.0.2"
    "@pixi/settings" "6.0.2"

"@pixi/filter-color-matrix@6.0.2":
  version "6.0.2"
  resolved "https://registry.yarnpkg.com/@pixi/filter-color-matrix/-/filter-color-matrix-6.0.2.tgz#c110c1759af6ef594d2f5025eddf66146d75ce96"
  integrity sha512-zOKdURfQFBIqknpisG1Ow7BiYD7zVTAHU/Y4aPNBFwcAxET/fKFDB8vJFztO1g0C4v05ivjVXmvAuIAjlXdOhw==
  dependencies:
    "@pixi/core" "6.0.2"

"@pixi/filter-displacement@6.0.2":
  version "6.0.2"
  resolved "https://registry.yarnpkg.com/@pixi/filter-displacement/-/filter-displacement-6.0.2.tgz#0c6096fb951015b8446cebf8ce4b02a57700c458"
  integrity sha512-ozhpQ0YkGxsMDzE8u/zTYp0LZ52VBM849iCIqY/WSVZkjeNYB0XhUZdI/7RMDPMVfiQSENimacEpsOgzsOIPSA==
  dependencies:
    "@pixi/core" "6.0.2"
    "@pixi/math" "6.0.2"

"@pixi/filter-fxaa@6.0.2":
  version "6.0.2"
  resolved "https://registry.yarnpkg.com/@pixi/filter-fxaa/-/filter-fxaa-6.0.2.tgz#ab5d6dd18c287bea9e2d7b8bad30b16e2ba435ea"
  integrity sha512-dkX2udy4CqUuAS5yEu3udzdCbpZVdHgoVEksSiFiGzyC17uexkHaunQAgLb2UFGmjbdLT4Vk2FIrgM3+sMWQ3w==
  dependencies:
    "@pixi/core" "6.0.2"

"@pixi/filter-noise@6.0.2":
  version "6.0.2"
  resolved "https://registry.yarnpkg.com/@pixi/filter-noise/-/filter-noise-6.0.2.tgz#4829005fe99c56fc8a236f3d5ccc3173b770c11c"
  integrity sha512-UnaRYV06qWe7ytBHZ8hK6ZH8Bnqhwtuhoj86pAv0Jhc8EXwcKC2wLT7JDFxBnjB1GwJuWDYnNrQpPsyRQsHNiA==
  dependencies:
    "@pixi/core" "6.0.2"

"@pixi/graphics@6.0.2":
  version "6.0.2"
  resolved "https://registry.yarnpkg.com/@pixi/graphics/-/graphics-6.0.2.tgz#c8f4258b6e6fcfc41548d4046f243a7cca99eb85"
  integrity sha512-/hONnNsWIo8O/0yQf2voBRi0aLnt7RXHXiYLb1d0bMkfYVHbn6r+TYZsz/mjOC1MRW+B0Bkh5ZxRWOgF3IpCiA==
  dependencies:
    "@pixi/constants" "6.0.2"
    "@pixi/core" "6.0.2"
    "@pixi/display" "6.0.2"
    "@pixi/math" "6.0.2"
    "@pixi/sprite" "6.0.2"
    "@pixi/utils" "6.0.2"

"@pixi/interaction@6.0.2":
  version "6.0.2"
  resolved "https://registry.yarnpkg.com/@pixi/interaction/-/interaction-6.0.2.tgz#eb6191ffff33f5c593a86896422c24e57d213d2c"
  integrity sha512-YRT1reJXISgAf1+lRECpchR7+MUcGA/vdC612oG0fbrONCI0r1jMwMjdEcTnuMzZrzfSGL6yz0pkhIjWMjuY0g==
  dependencies:
    "@pixi/core" "6.0.2"
    "@pixi/display" "6.0.2"
    "@pixi/math" "6.0.2"
    "@pixi/ticker" "6.0.2"
    "@pixi/utils" "6.0.2"

"@pixi/loaders@6.0.2":
  version "6.0.2"
  resolved "https://registry.yarnpkg.com/@pixi/loaders/-/loaders-6.0.2.tgz#8de1aa8ff17f683e3e66b899f1490e182f79d887"
  integrity sha512-ir71du5YOoH/NW8/rNwQ5br+YCVcKWUAltsUaQfTCMLjPzaT8nHtsBiy/krQIGNus179l1h7NfGrSOK/RU936Q==
  dependencies:
    "@pixi/constants" "6.0.2"
    "@pixi/core" "6.0.2"
    "@pixi/utils" "6.0.2"
    resource-loader "^3.0.1"

"@pixi/math@6.0.2":
  version "6.0.2"
  resolved "https://registry.yarnpkg.com/@pixi/math/-/math-6.0.2.tgz#e9213bf006ef0362a9cbdd19fbbd334a3c6fd6ad"
  integrity sha512-eA4VmqkWTUSRl1iYIu3sCitbg8+QfohU0Zk/61J1s0pzWtLjMECkrlcwiFfCxwNU7MhkOATQ53dxgmNtBa77zw==

"@pixi/mesh-extras@6.0.2":
  version "6.0.2"
  resolved "https://registry.yarnpkg.com/@pixi/mesh-extras/-/mesh-extras-6.0.2.tgz#340a70f8f4e87112bbfe234b5d33d0037cf33abd"
  integrity sha512-Q2O3/MR5ghMx95N2DnvYbyDL6aK9fU5cxLy6nEAd/i4iNyBA/XIfC7iB6WY207OyF9PIjPedT5Ha1SSSiujhAA==
  dependencies:
    "@pixi/constants" "6.0.2"
    "@pixi/core" "6.0.2"
    "@pixi/math" "6.0.2"
    "@pixi/mesh" "6.0.2"
    "@pixi/utils" "6.0.2"

"@pixi/mesh@6.0.2":
  version "6.0.2"
  resolved "https://registry.yarnpkg.com/@pixi/mesh/-/mesh-6.0.2.tgz#e4bec67c23fbaf9449a9cece453406768428012a"
  integrity sha512-Sc3VrB7/MQ4/Ju86Cks43pJlw6bH0o/SXm/UgIkW7B2cYQMdffcWwt3bOvdyeiChNJWN6308m9VtU0Dx+5xalA==
  dependencies:
    "@pixi/constants" "6.0.2"
    "@pixi/core" "6.0.2"
    "@pixi/display" "6.0.2"
    "@pixi/math" "6.0.2"
    "@pixi/settings" "6.0.2"
    "@pixi/utils" "6.0.2"

"@pixi/mixin-cache-as-bitmap@6.0.2":
  version "6.0.2"
  resolved "https://registry.yarnpkg.com/@pixi/mixin-cache-as-bitmap/-/mixin-cache-as-bitmap-6.0.2.tgz#34f972516e502c12f484762e67095e2a6275676a"
  integrity sha512-GBS/s1sf01AWmWBiFD9ppx/20EZMGYvJ2vq/fK/7jmTRA1gTJVI9UA/Suhx3n2KVe7szRDHBAgKKuMjC0W4q7w==
  dependencies:
    "@pixi/canvas-renderer" "6.0.2"
    "@pixi/core" "6.0.2"
    "@pixi/display" "6.0.2"
    "@pixi/math" "6.0.2"
    "@pixi/settings" "6.0.2"
    "@pixi/sprite" "6.0.2"
    "@pixi/utils" "6.0.2"

"@pixi/mixin-get-child-by-name@6.0.2":
  version "6.0.2"
  resolved "https://registry.yarnpkg.com/@pixi/mixin-get-child-by-name/-/mixin-get-child-by-name-6.0.2.tgz#e404c6205402a31ed576180f36bf676e884e9125"
  integrity sha512-qQ+cqOXX50FG3DyuOS69iVc9uOox93ARJoBoh1d3aYwHMUg45oBTyX6xv3suquvPTDcLnKGrJeiHQ/c/xw7tRw==
  dependencies:
    "@pixi/display" "6.0.2"

"@pixi/mixin-get-global-position@6.0.2":
  version "6.0.2"
  resolved "https://registry.yarnpkg.com/@pixi/mixin-get-global-position/-/mixin-get-global-position-6.0.2.tgz#498ae449ff862902f18a4f76fc7b5261df0eb355"
  integrity sha512-waO1D/asjNorJpE+hdJqCg1gnfqOVIUf2mZmKWfS4jW/OPvhbAR1pX6uXP2uZ6yLoK/Ft94x9faMjuDeqxMdFg==
  dependencies:
    "@pixi/display" "6.0.2"
    "@pixi/math" "6.0.2"

"@pixi/particles@6.0.2":
  version "6.0.2"
  resolved "https://registry.yarnpkg.com/@pixi/particles/-/particles-6.0.2.tgz#5d3378da7accf03b9a5cf53c473c1cf08f056116"
  integrity sha512-Z0vAjqmCGXrdwBmdiC7I4Flv0QQ0q4GxC1lqymT58KhA//GiZOLYp0FuK5RojslLrUu7w5MAfUWwLq7gruu2cQ==
  dependencies:
    "@pixi/constants" "6.0.2"
    "@pixi/core" "6.0.2"
    "@pixi/display" "6.0.2"
    "@pixi/math" "6.0.2"
    "@pixi/utils" "6.0.2"

"@pixi/polyfill@6.0.2":
  version "6.0.2"
  resolved "https://registry.yarnpkg.com/@pixi/polyfill/-/polyfill-6.0.2.tgz#8e4d8f9dc71fae3ce16882a1aeeec65ddc12b4d6"
  integrity sha512-PD+d3kGPPKoYgkSQ/xT8U3y12T4StkcpCK6QfFy6k+dkWHzGcQI1aE46Vw6tZ+ZkFi5nRUTNk9C3VlwWt/Fdfw==
  dependencies:
    object-assign "^4.1.1"
    promise-polyfill "^8.2.0"

"@pixi/prepare@6.0.2":
  version "6.0.2"
  resolved "https://registry.yarnpkg.com/@pixi/prepare/-/prepare-6.0.2.tgz#5106420a9224002f0cca05d802760e66a6da3828"
  integrity sha512-bmVE/6qV7Psd3EhumLdeAH7MmU3VpuUcnbyDhrmrJrUmfbqrXiMApCLqGSYjMHQI/abZwFQ0vMgDQhx9dfG8wA==
  dependencies:
    "@pixi/core" "6.0.2"
    "@pixi/display" "6.0.2"
    "@pixi/graphics" "6.0.2"
    "@pixi/settings" "6.0.2"
    "@pixi/text" "6.0.2"
    "@pixi/ticker" "6.0.2"

"@pixi/runner@6.0.2":
  version "6.0.2"
  resolved "https://registry.yarnpkg.com/@pixi/runner/-/runner-6.0.2.tgz#5e8f38c0d0472d0a81e34ee0cd263529d6ad4021"
  integrity sha512-HcaDuwT+kconUZJh9gzGy166R/0hWkgXpLX0mqUYo5qPKmhiC+balJsiha6IIV6Ckg5c5IX2GQBSkXJrEDlOMg==

"@pixi/settings@6.0.2":
  version "6.0.2"
  resolved "https://registry.yarnpkg.com/@pixi/settings/-/settings-6.0.2.tgz#48108e2b68be76c1146a7322dacf8ea556513788"
  integrity sha512-hZMZIKDsqpf2qtVAnZvemGcFw1ujkZb/r4nVn4/hYeyZLK63I5IpQKEPPK9NMicTM697V+BRoMbWqbrlubiLKw==
  dependencies:
    ismobilejs "^1.1.0"

"@pixi/sprite-animated@6.0.2":
  version "6.0.2"
  resolved "https://registry.yarnpkg.com/@pixi/sprite-animated/-/sprite-animated-6.0.2.tgz#2713d5c5f7dfa0e8b5e6d83a27a1a72aecf4dfe2"
  integrity sha512-OSINySJ1uk/iaD4Yk/3czRlitTMVIEgzgvqzSZL+GcqHqzc3lW/BpZ31+so+W/4Yv7KckzBJdB++GvsAfAU0kA==
  dependencies:
    "@pixi/core" "6.0.2"
    "@pixi/sprite" "6.0.2"
    "@pixi/ticker" "6.0.2"

"@pixi/sprite-tiling@6.0.2":
  version "6.0.2"
  resolved "https://registry.yarnpkg.com/@pixi/sprite-tiling/-/sprite-tiling-6.0.2.tgz#eba453609471bd4a95cb4e5b6d5a1fc0c428e666"
  integrity sha512-tauohq//qEZirTM5A6pLKUIUgBPp1qTxjrI4lpFp4scalehAdR04dPe3a9JMr7uwmPiskQIB5/LZX7sMtl3jpg==
  dependencies:
    "@pixi/constants" "6.0.2"
    "@pixi/core" "6.0.2"
    "@pixi/display" "6.0.2"
    "@pixi/math" "6.0.2"
    "@pixi/sprite" "6.0.2"
    "@pixi/utils" "6.0.2"

"@pixi/sprite@6.0.2":
  version "6.0.2"
  resolved "https://registry.yarnpkg.com/@pixi/sprite/-/sprite-6.0.2.tgz#5aadb94de74bd8f57618417fbf7eac443fb930d2"
  integrity sha512-I9FHX0zxvfVg/L6hZVRX9kpsdbbxLu9KhN8kdJmDR+RGxuoxGrnboTx5VgT3AW0rYJvwp47VneQTKVVMjat11A==
  dependencies:
    "@pixi/constants" "6.0.2"
    "@pixi/core" "6.0.2"
    "@pixi/display" "6.0.2"
    "@pixi/math" "6.0.2"
    "@pixi/settings" "6.0.2"
    "@pixi/utils" "6.0.2"

"@pixi/spritesheet@6.0.2":
  version "6.0.2"
  resolved "https://registry.yarnpkg.com/@pixi/spritesheet/-/spritesheet-6.0.2.tgz#a25a5ccee6ef552009cc5a0db7a6d6fafc68224e"
  integrity sha512-gWVxx0uWKaNtcj1beLZw0vvogDgmerct+oSA0pU6A3b20pDMrAPc90EuOEOOQ/xxxrHfpIY00IIXsUmAmmA0Zg==
  dependencies:
    "@pixi/core" "6.0.2"
    "@pixi/loaders" "6.0.2"
    "@pixi/math" "6.0.2"
    "@pixi/utils" "6.0.2"

"@pixi/text-bitmap@6.0.2":
  version "6.0.2"
  resolved "https://registry.yarnpkg.com/@pixi/text-bitmap/-/text-bitmap-6.0.2.tgz#8d8707a5dbfecee740ac0f0d9f8f8b2a5659991b"
  integrity sha512-wT3JUp/Y1+B979UpIMibV3Cir0Tb1oi5Sc1r6FPr51KUfFxHMj6Q7+OV1YxJvSMoaKLK6efImfMXGKAKYtVXMQ==
  dependencies:
    "@pixi/core" "6.0.2"
    "@pixi/display" "6.0.2"
    "@pixi/loaders" "6.0.2"
    "@pixi/math" "6.0.2"
    "@pixi/mesh" "6.0.2"
    "@pixi/settings" "6.0.2"
    "@pixi/text" "6.0.2"
    "@pixi/utils" "6.0.2"

"@pixi/text@6.0.2":
  version "6.0.2"
  resolved "https://registry.yarnpkg.com/@pixi/text/-/text-6.0.2.tgz#f880685c9549ec94bbd0d3a9513a9cc001bb26c3"
  integrity sha512-XBhiwLeuL8dBsPwXMDOq9O0JxZcOA2l0aOnFs2O2fZPLL4gkvyquZA+s95C6bGZMR+6j0xtFIQDCsBQCZl1A/g==
  dependencies:
    "@pixi/core" "6.0.2"
    "@pixi/math" "6.0.2"
    "@pixi/settings" "6.0.2"
    "@pixi/sprite" "6.0.2"
    "@pixi/utils" "6.0.2"

"@pixi/ticker@6.0.2":
  version "6.0.2"
  resolved "https://registry.yarnpkg.com/@pixi/ticker/-/ticker-6.0.2.tgz#134288d3189f1b3d38391573d26102e24e919c6f"
  integrity sha512-oBZTfId0D+hDbDCaYvREclI7jvIAmcaxd7iaOPcELHcPPyJ+ym+4hggsXSIchXeeFYasLjI5bfqJPzzL6IasTg==
  dependencies:
    "@pixi/settings" "6.0.2"

"@pixi/utils@6.0.2":
  version "6.0.2"
  resolved "https://registry.yarnpkg.com/@pixi/utils/-/utils-6.0.2.tgz#f4feb4bd62f50af2cfa05674fb783703719fa012"
  integrity sha512-jx3ZYJ29mTJSqBPQbDUPPorsPXiGOQzL6IIW5vwE05LekYmwocR8b48vLYKdbr8XdyOQ7Eqe43PodiwCLjuWvA==
  dependencies:
    "@pixi/constants" "6.0.2"
    "@pixi/settings" "6.0.2"
    "@types/earcut" "^2.1.0"
    earcut "^2.2.2"
    eventemitter3 "^3.1.0"
    url "^0.11.0"

"@rollup/pluginutils@^4.1.0":
  version "4.1.0"
  resolved "https://registry.yarnpkg.com/@rollup/pluginutils/-/pluginutils-4.1.0.tgz#0dcc61c780e39257554feb7f77207dceca13c838"
  integrity sha512-TrBhfJkFxA+ER+ew2U2/fHbebhLT/l/2pRk0hfj9KusXUuRXd2v0R58AfaZK9VXDQ4TogOSEmICVrQAA3zFnHQ==
  dependencies:
    estree-walker "^2.0.1"
    picomatch "^2.2.2"

"@sveltejs/vite-plugin-svelte@^1.0.0-next.9":
  version "1.0.0-next.9"
  resolved "https://registry.yarnpkg.com/@sveltejs/vite-plugin-svelte/-/vite-plugin-svelte-1.0.0-next.9.tgz#409e20c030298e968c71d71bef141665c06e7bd9"
  integrity sha512-ySB/GJsZV3h3jqjq5WIiaxVFkJK6vqtG9gS7Iw6SfUH9ZiFNw5JjQF69g68j9cNep3q4yRIYiG5/pI3YIdXEuA==
  dependencies:
    "@rollup/pluginutils" "^4.1.0"
    chalk "^4.1.1"
    debug "^4.3.2"
    hash-sum "^2.0.0"
    require-relative "^0.8.7"
    slash "^4.0.0"
    source-map "^0.7.3"
    svelte-hmr "^0.14.2"

"@types/earcut@^2.1.0":
  version "2.1.1"
  resolved "https://registry.yarnpkg.com/@types/earcut/-/earcut-2.1.1.tgz#573a0af609f17005c751f6f4ffec49cfe358ea51"
  integrity sha512-w8oigUCDjElRHRRrMvn/spybSMyX8MTkKA5Dv+tS1IE/TgmNZPqUYtvYBXGY8cieSE66gm+szeK+bnbxC2xHTQ==

ansi-styles@^4.1.0:
  version "4.3.0"
  resolved "https://registry.yarnpkg.com/ansi-styles/-/ansi-styles-4.3.0.tgz#edd803628ae71c04c85ae7a0906edad34b648937"
  integrity sha512-zbB9rCJAT1rbjiVDb2hqKFHNYLxgtk8NURxZ3IZwD3F6NtxbXZQCnnSi1Lkx+IDohdPlFp222wVALIheZJQSEg==
  dependencies:
    color-convert "^2.0.1"

chalk@^4.1.1:
  version "4.1.1"
  resolved "https://registry.yarnpkg.com/chalk/-/chalk-4.1.1.tgz#c80b3fab28bf6371e6863325eee67e618b77e6ad"
  integrity sha512-diHzdDKxcU+bAsUboHLPEDQiw0qEe0qd7SYUn3HgcFlWgbDcfLGswOHYeGrHKzG9z6UYf01d9VFMfZxPM1xZSg==
  dependencies:
    ansi-styles "^4.1.0"
    supports-color "^7.1.0"

color-convert@^2.0.1:
  version "2.0.1"
  resolved "https://registry.yarnpkg.com/color-convert/-/color-convert-2.0.1.tgz#72d3a68d598c9bdb3af2ad1e84f21d896abd4de3"
  integrity sha512-RRECPsj7iu/xb5oKYcsFHSppFNnsj/52OVTRKb4zP5onXwVF3zVmmToNcOfGC+CRDpfK/U584fMg38ZHCaElKQ==
  dependencies:
    color-name "~1.1.4"

color-name@~1.1.4:
  version "1.1.4"
  resolved "https://registry.yarnpkg.com/color-name/-/color-name-1.1.4.tgz#c2a09a87acbde69543de6f63fa3995c826c536a2"
  integrity sha512-dOy+3AuW3a2wNbZHIuMZpTcgjGuLU/uBL/ubcZF9OXbDo8ff4O8yVp5Bf0efS8uEoYo5q4Fx7dY9OgQGXgAsQA==

colorette@^1.2.2:
  version "1.2.2"
  resolved "https://registry.yarnpkg.com/colorette/-/colorette-1.2.2.tgz#cbcc79d5e99caea2dbf10eb3a26fd8b3e6acfa94"
  integrity sha512-MKGMzyfeuutC/ZJ1cba9NqcNpfeqMUcYmyF1ZFY6/Cn7CNSAKx6a+s48sqLqyAiZuaP2TcqMhoo+dlwFnVxT9w==

debug@^4.3.2:
  version "4.3.2"
  resolved "https://registry.yarnpkg.com/debug/-/debug-4.3.2.tgz#f0a49c18ac8779e31d4a0c6029dfb76873c7428b"
  integrity sha512-mOp8wKcvj7XxC78zLgw/ZA+6TSgkoE2C/ienthhRD298T7UNwAg9diBpLRxC0mOezLl4B0xV7M0cCO6P/O0Xhw==
  dependencies:
    ms "2.1.2"

earcut@^2.2.2:
  version "2.2.2"
  resolved "https://registry.yarnpkg.com/earcut/-/earcut-2.2.2.tgz#41b0bc35f63e0fe80da7cddff28511e7e2e80d11"
  integrity sha512-eZoZPPJcUHnfRZ0PjLvx2qBordSiO8ofC3vt+qACLM95u+4DovnbYNpQtJh0DNsWj8RnxrQytD4WA8gj5cRIaQ==

esbuild@^0.9.3:
  version "0.9.7"
  resolved "https://registry.yarnpkg.com/esbuild/-/esbuild-0.9.7.tgz#ea0d639cbe4b88ec25fbed4d6ff00c8d788ef70b"
  integrity sha512-VtUf6aQ89VTmMLKrWHYG50uByMF4JQlVysb8dmg6cOgW8JnFCipmz7p+HNBl+RR3LLCuBxFGVauAe2wfnF9bLg==

estree-walker@^2.0.1:
  version "2.0.2"
  resolved "https://registry.yarnpkg.com/estree-walker/-/estree-walker-2.0.2.tgz#52f010178c2a4c117a7757cfe942adb7d2da4cac"
  integrity sha512-Rfkk/Mp/DL7JVje3u18FxFujQlTNR2q6QfMSMB7AvCBx91NGj/ba3kCfza0f6dVDbw7YlRf/nDrn7pQrCCyQ/w==

eventemitter3@^3.1.0:
  version "3.1.2"
  resolved "https://registry.yarnpkg.com/eventemitter3/-/eventemitter3-3.1.2.tgz#2d3d48f9c346698fce83a85d7d664e98535df6e7"
  integrity sha512-tvtQIeLVHjDkJYnzf2dgVMxfuSGJeM/7UCG17TT4EumTfNtF+0nebF/4zWOIkCreAbtNqhGEboB6BWrwqNaw4Q==

fsevents@~2.3.1:
  version "2.3.2"
  resolved "https://registry.yarnpkg.com/fsevents/-/fsevents-2.3.2.tgz#8a526f78b8fdf4623b709e0b975c52c24c02fd1a"
  integrity sha512-xiqMQR4xAeHTuB9uWm+fFRcIOgKBMiOBP+eXiyT7jsgVCq1bkVygt00oASowB7EdtpOHaaPgKt812P9ab+DDKA==

function-bind@^1.1.1:
  version "1.1.1"
  resolved "https://registry.yarnpkg.com/function-bind/-/function-bind-1.1.1.tgz#a56899d3ea3c9bab874bb9773b7c5ede92f4895d"
  integrity sha512-yIovAzMX49sF8Yl58fSCWJ5svSLuaibPxXQJFLmBObTuCr0Mf1KiPopGM9NiFjiYBCbfaa2Fh6breQ6ANVTI0A==

has-flag@^4.0.0:
  version "4.0.0"
  resolved "https://registry.yarnpkg.com/has-flag/-/has-flag-4.0.0.tgz#944771fd9c81c81265c4d6941860da06bb59479b"
  integrity sha512-EykJT/Q1KjTWctppgIAgfSO0tKVuZUjhgMr17kqTumMl6Afv3EISleU7qZUzoXDFTAHTDC4NOoG/ZxU3EvlMPQ==

has@^1.0.3:
  version "1.0.3"
  resolved "https://registry.yarnpkg.com/has/-/has-1.0.3.tgz#722d7cbfc1f6aa8241f16dd814e011e1f41e8796"
  integrity sha512-f2dvO0VU6Oej7RkWJGrehjbzMAjFp5/VKPp5tTpWIV4JHHZK1/BxbFRtf/siA2SWTe09caDmVtYYzWEIbBS4zw==
  dependencies:
    function-bind "^1.1.1"

hash-sum@^2.0.0:
  version "2.0.0"
  resolved "https://registry.yarnpkg.com/hash-sum/-/hash-sum-2.0.0.tgz#81d01bb5de8ea4a214ad5d6ead1b523460b0b45a"
  integrity sha512-WdZTbAByD+pHfl/g9QSsBIIwy8IT+EsPiKDs0KNX+zSHhdDLFKdZu0BQHljvO+0QI/BasbMSUa8wYNCZTvhslg==

is-core-module@^2.2.0:
  version "2.3.0"
  resolved "https://registry.yarnpkg.com/is-core-module/-/is-core-module-2.3.0.tgz#d341652e3408bca69c4671b79a0954a3d349f887"
  integrity sha512-xSphU2KG9867tsYdLD4RWQ1VqdFl4HTO9Thf3I/3dLEfr0dbPTWKsuCKrgqMljg4nPE+Gq0VCnzT3gr0CyBmsw==
  dependencies:
    has "^1.0.3"

ismobilejs@^1.1.0:
  version "1.1.1"
  resolved "https://registry.yarnpkg.com/ismobilejs/-/ismobilejs-1.1.1.tgz#c56ca0ae8e52b24ca0f22ba5ef3215a2ddbbaa0e"
  integrity sha512-VaFW53yt8QO61k2WJui0dHf4SlL8lxBofUuUmwBo0ljPk0Drz2TiuDW4jo3wDcv41qy/SxrJ+VAzJ/qYqsmzRw==

mini-signals@^1.2.0:
  version "1.2.0"
  resolved "https://registry.yarnpkg.com/mini-signals/-/mini-signals-1.2.0.tgz#45b08013c5fae51a24aa1a935cd317c9ed721d74"
  integrity sha1-RbCAE8X65RokqhqTXNMXye1yHXQ=

ms@2.1.2:
  version "2.1.2"
  resolved "https://registry.yarnpkg.com/ms/-/ms-2.1.2.tgz#d09d1f357b443f493382a8eb3ccd183872ae6009"
  integrity sha512-sGkPx+VjMtmA6MX27oA4FBFELFCZZ4S4XqeGOXCv68tT+jb3vk/RyaKWP0PTKyWtmLSM0b+adUTEvbs1PEaH2w==

nanoid@^3.1.22:
  version "3.1.22"
  resolved "https://registry.yarnpkg.com/nanoid/-/nanoid-3.1.22.tgz#b35f8fb7d151990a8aebd5aa5015c03cf726f844"
  integrity sha512-/2ZUaJX2ANuLtTvqTlgqBQNJoQO398KyJgZloL0PZkC0dpysjncRUPsFe3DUPzz/y3h+u7C46np8RMuvF3jsSQ==

object-assign@^4.1.1:
  version "4.1.1"
  resolved "https://registry.yarnpkg.com/object-assign/-/object-assign-4.1.1.tgz#2109adc7965887cfc05cbbd442cac8bfbb360863"
  integrity sha1-IQmtx5ZYh8/AXLvUQsrIv7s2CGM=

parse-uri@^1.0.0:
  version "1.0.3"
  resolved "https://registry.yarnpkg.com/parse-uri/-/parse-uri-1.0.3.tgz#f3c24a74907a4e357c1741e96ca9faadecfd6db5"
  integrity sha512-upMnGxNcm+45So85HoguwZTVZI9u11i36DdxJfGF2HYWS2eh3TIx7+/tTi7qrEq15qzGkVhsKjesau+kCk48pA==

path-parse@^1.0.6:
  version "1.0.6"
  resolved "https://registry.yarnpkg.com/path-parse/-/path-parse-1.0.6.tgz#d62dbb5679405d72c4737ec58600e9ddcf06d24c"
  integrity sha512-GSmOT2EbHrINBf9SR7CDELwlJ8AENk3Qn7OikK4nFYAu3Ote2+JYNVvkpAEQm3/TLNEJFD/xZJjzyxg3KBWOzw==

picomatch@^2.2.2:
  version "2.2.3"
  resolved "https://registry.yarnpkg.com/picomatch/-/picomatch-2.2.3.tgz#465547f359ccc206d3c48e46a1bcb89bf7ee619d"
  integrity sha512-KpELjfwcCDUb9PeigTs2mBJzXUPzAuP2oPcA989He8Rte0+YUAjw1JVedDhuTKPkHjSYzMN3npC9luThGYEKdg==

pixi.js@^6.0.2:
  version "6.0.2"
  resolved "https://registry.yarnpkg.com/pixi.js/-/pixi.js-6.0.2.tgz#0ee9e51c6fcd49415afdd042982bae08c9821709"
  integrity sha512-ioH2+TxyWMwY+nlOgopxfHBBOpB2Wp79LBNCXPP8dIFWH6q70IAKAL++39aK7+MyLvdqwQ+tSnIWuAMNpKPJCw==
  dependencies:
    "@pixi/accessibility" "6.0.2"
    "@pixi/app" "6.0.2"
    "@pixi/compressed-textures" "6.0.2"
    "@pixi/constants" "6.0.2"
    "@pixi/core" "6.0.2"
    "@pixi/display" "6.0.2"
    "@pixi/extract" "6.0.2"
    "@pixi/filter-alpha" "6.0.2"
    "@pixi/filter-blur" "6.0.2"
    "@pixi/filter-color-matrix" "6.0.2"
    "@pixi/filter-displacement" "6.0.2"
    "@pixi/filter-fxaa" "6.0.2"
    "@pixi/filter-noise" "6.0.2"
    "@pixi/graphics" "6.0.2"
    "@pixi/interaction" "6.0.2"
    "@pixi/loaders" "6.0.2"
    "@pixi/math" "6.0.2"
    "@pixi/mesh" "6.0.2"
    "@pixi/mesh-extras" "6.0.2"
    "@pixi/mixin-cache-as-bitmap" "6.0.2"
    "@pixi/mixin-get-child-by-name" "6.0.2"
    "@pixi/mixin-get-global-position" "6.0.2"
    "@pixi/particles" "6.0.2"
    "@pixi/polyfill" "6.0.2"
    "@pixi/prepare" "6.0.2"
    "@pixi/runner" "6.0.2"
    "@pixi/settings" "6.0.2"
    "@pixi/sprite" "6.0.2"
    "@pixi/sprite-animated" "6.0.2"
    "@pixi/sprite-tiling" "6.0.2"
    "@pixi/spritesheet" "6.0.2"
    "@pixi/text" "6.0.2"
    "@pixi/text-bitmap" "6.0.2"
    "@pixi/ticker" "6.0.2"
    "@pixi/utils" "6.0.2"

postcss@^8.2.1:
  version "8.2.14"
  resolved "https://registry.yarnpkg.com/postcss/-/postcss-8.2.14.tgz#dcf313eb8247b3ce8078d048c0e8262ca565ad2b"
  integrity sha512-+jD0ZijcvyCqPQo/m/CW0UcARpdFylq04of+Q7RKX6f/Tu+dvpUI/9Sp81+i6/vJThnOBX09Quw0ZLOVwpzX3w==
  dependencies:
    colorette "^1.2.2"
    nanoid "^3.1.22"
    source-map "^0.6.1"

promise-polyfill@^8.2.0:
  version "8.2.0"
  resolved "https://registry.yarnpkg.com/promise-polyfill/-/promise-polyfill-8.2.0.tgz#367394726da7561457aba2133c9ceefbd6267da0"
  integrity sha512-k/TC0mIcPVF6yHhUvwAp7cvL6I2fFV7TzF1DuGPI8mBh4QQazf36xCKEHKTZKRysEoTQoQdKyP25J8MPJp7j5g==

punycode@1.3.2:
  version "1.3.2"
  resolved "https://registry.yarnpkg.com/punycode/-/punycode-1.3.2.tgz#9653a036fb7c1ee42342f2325cceefea3926c48d"
  integrity sha1-llOgNvt8HuQjQvIyXM7v6jkmxI0=

querystring@0.2.0:
  version "0.2.0"
  resolved "https://registry.yarnpkg.com/querystring/-/querystring-0.2.0.tgz#b209849203bb25df820da756e747005878521620"
  integrity sha1-sgmEkgO7Jd+CDadW50cAWHhSFiA=

require-relative@^0.8.7:
  version "0.8.7"
  resolved "https://registry.yarnpkg.com/require-relative/-/require-relative-0.8.7.tgz#7999539fc9e047a37928fa196f8e1563dabd36de"
  integrity sha1-eZlTn8ngR6N5KPoZb44VY9q9Nt4=

resolve@^1.19.0:
  version "1.20.0"
  resolved "https://registry.yarnpkg.com/resolve/-/resolve-1.20.0.tgz#629a013fb3f70755d6f0b7935cc1c2c5378b1975"
  integrity sha512-wENBPt4ySzg4ybFQW2TT1zMQucPK95HSh/nq2CFTZVOGut2+pQvSsgtda4d26YrYcr067wjbmzOG8byDPBX63A==
  dependencies:
    is-core-module "^2.2.0"
    path-parse "^1.0.6"

resource-loader@^3.0.1:
  version "3.0.1"
  resolved "https://registry.yarnpkg.com/resource-loader/-/resource-loader-3.0.1.tgz#33355bb5421e2994f59454bbc7f6dbff8df06d47"
  integrity sha512-fBuCRbEHdLCI1eglzQhUv9Rrdcmqkydr1r6uHE2cYHvRBrcLXeSmbE/qI/urFt8rPr/IGxir3BUwM5kUK8XoyA==
  dependencies:
    mini-signals "^1.2.0"
    parse-uri "^1.0.0"

rollup@^2.38.5:
  version "2.47.0"
  resolved "https://registry.yarnpkg.com/rollup/-/rollup-2.47.0.tgz#9d958aeb2c0f6a383cacc0401dff02b6e252664d"
  integrity sha512-rqBjgq9hQfW0vRmz+0S062ORRNJXvwRpzxhFXORvar/maZqY6za3rgQ/p1Glg+j1hnc1GtYyQCPiAei95uTElg==
  optionalDependencies:
    fsevents "~2.3.1"

slash@^4.0.0:
  version "4.0.0"
  resolved "https://registry.yarnpkg.com/slash/-/slash-4.0.0.tgz#2422372176c4c6c5addb5e2ada885af984b396a7"
  integrity sha512-3dOsAHXXUkQTpOYcoAxLIorMTp4gIQr5IW3iVb7A7lFIp0VHhnynm9izx6TssdrIcVIESAlVjtnO2K8bg+Coew==

source-map@^0.6.1:
  version "0.6.1"
  resolved "https://registry.yarnpkg.com/source-map/-/source-map-0.6.1.tgz#74722af32e9614e9c287a8d0bbde48b5e2f1a263"
  integrity sha512-UjgapumWlbMhkBgzT7Ykc5YXUT46F0iKu8SGXq0bcwP5dz/h0Plj6enJqjz1Zbq2l5WaqYnrVbwWOWMyF3F47g==

source-map@^0.7.3:
  version "0.7.3"
  resolved "https://registry.yarnpkg.com/source-map/-/source-map-0.7.3.tgz#5302f8169031735226544092e64981f751750383"
  integrity sha512-CkCj6giN3S+n9qrYiBTX5gystlENnRW5jZeNLHpe6aue+SrHcG5VYwujhW9s4dY31mEGsxBDrHR6oI69fTXsaQ==

supports-color@^7.1.0:
  version "7.2.0"
  resolved "https://registry.yarnpkg.com/supports-color/-/supports-color-7.2.0.tgz#1b7dcdcb32b8138801b3e478ba6a51caa89648da"
  integrity sha512-qpCAvRl9stuOHveKsn7HncJRvv501qIacKzQlO/+Lwxc9+0q2wLyv4Dfvt80/DPn2pqOBsJdDiogXGR9+OvwRw==
  dependencies:
    has-flag "^4.0.0"

svelte-hmr@^0.14.2:
  version "0.14.3"
  resolved "https://registry.yarnpkg.com/svelte-hmr/-/svelte-hmr-0.14.3.tgz#b6a6781bc923352e3c257ccd7d87d01821ea2d95"
  integrity sha512-N56xX405zLMw2tpGHKRx5h+kmdeZwxI21pvyC6OyBHJDCF6DlwWBm9TifdQmSD4dloWSmpDPzHWYa3CSjfopUg==

svelte-pixi@^0.0.4:
  version "0.0.4"
  resolved "https://registry.yarnpkg.com/svelte-pixi/-/svelte-pixi-0.0.4.tgz#1be5531aefc8239c44562587840444305d93f0be"
  integrity sha512-ZdYxFijmbrviwLjUcSaXQd4t0DdZbECkarGlWZxwHFJvoUfufiVEaP17HewXxc4CgQywa+77Wbm31e6OOvOfsg==

svelte@^3.37.0:
  version "3.38.2"
  resolved "https://registry.yarnpkg.com/svelte/-/svelte-3.38.2.tgz#55e5c681f793ae349b5cc2fe58e5782af4275ef5"
  integrity sha512-q5Dq0/QHh4BLJyEVWGe7Cej5NWs040LWjMbicBGZ+3qpFWJ1YObRmUDZKbbovddLC9WW7THTj3kYbTOFmU9fbg==

url@^0.11.0:
  version "0.11.0"
  resolved "https://registry.yarnpkg.com/url/-/url-0.11.0.tgz#3838e97cfc60521eb73c525a8e55bfdd9e2e28f1"
  integrity sha1-ODjpfPxgUh63PFJajlW/3Z4uKPE=
  dependencies:
    punycode "1.3.2"
    querystring "0.2.0"

vite@^2.2.4:
  version "2.2.4"
  resolved "https://registry.yarnpkg.com/vite/-/vite-2.2.4.tgz#8f9cc85aacab04c850085894b086c8717f12ed16"
  integrity sha512-vnIwSNci+phFMp6krhy+FbYzKL0R67Sdt9mVZ96S27AewrApSJjTqncJcalk8sf60BgcbW4+1C6DFIWkxquO9g==
  dependencies:
    esbuild "^0.9.3"
    postcss "^8.2.1"
    resolve "^1.19.0"
    rollup "^2.38.5"
  optionalDependencies:
    fsevents "~2.3.1"
