# THIS IS AN AUTOGENERATED FILE. DO NOT EDIT THIS FILE DIRECTLY.
# yarn lockfile v1


"@pixi/accessibility@^5.1.5":
  version "5.1.5"
  resolved "https://registry.yarnpkg.com/@pixi/accessibility/-/accessibility-5.1.5.tgz#3f916fd46aee051bb6a5434f507cefc063f24235"
  integrity sha512-xHgcVN6sDqqpkcgk+yJ5s6tCf7ZW2YZVop7bQL9avuJaP6I/0mbwUN3evWonQ4QNO6SF8V/QXOc3ZmEdkYILPA==
  dependencies:
    "@pixi/core" "^5.1.5"
    "@pixi/display" "^5.1.3"
    "@pixi/utils" "^5.1.3"

"@pixi/app@^5.1.5":
  version "5.1.5"
  resolved "https://registry.yarnpkg.com/@pixi/app/-/app-5.1.5.tgz#fefcb2efdb2959a6523150f1d99020ce6aac80b4"
  integrity sha512-BxcNAulUXVkTpOqS5gjorO2d3+wksmBfn0VFGdiq7Elbv3v0s8wCwGOlOSMJoAjYSPXz8H8t3dw8NHxqxpI53A==
  dependencies:
    "@pixi/core" "^5.1.5"
    "@pixi/display" "^5.1.3"

"@pixi/constants@^5.1.0":
  version "5.1.0"
  resolved "https://registry.yarnpkg.com/@pixi/constants/-/constants-5.1.0.tgz#663192a3d72cbbca1c40a94a7e1004fbf9ab664a"
  integrity sha512-86cogDvjF9yNvmxeizwkIhA0Kl2z3gUSWMf2daYx903dzyje7fwkzRrKLnqDUn6vSAxRXiska0DMJhwYsIC29w==

"@pixi/core@^5.1.5":
  version "5.1.5"
  resolved "https://registry.yarnpkg.com/@pixi/core/-/core-5.1.5.tgz#4ae6d798fc587a9561c9053b02e520c0e4611302"
  integrity sha512-pt7JTgRyGyOm1VNGhYqAjdIggQ5SjGpctLEBFwPlZDOTeEjJ85NADwCvN/E9ToIW7Gv/1urrNKsoVGlADcV6vw==
  dependencies:
    "@pixi/constants" "^5.1.0"
    "@pixi/display" "^5.1.3"
    "@pixi/math" "^5.1.0"
    "@pixi/runner" "^5.1.1"
    "@pixi/settings" "^5.1.3"
    "@pixi/ticker" "^5.1.3"
    "@pixi/utils" "^5.1.3"

"@pixi/display@^5.1.3":
  version "5.1.3"
  resolved "https://registry.yarnpkg.com/@pixi/display/-/display-5.1.3.tgz#da1f2337dda529aefb4d7d07e0452149daff1439"
  integrity sha512-zQJfwH9tSilEfpajVJKM2bavIXBFMokscXyFIdokBSjLQL22mgEyR0mHZ3u6OECUa0PEVUA64eePv6KmPZ+bJQ==
  dependencies:
    "@pixi/math" "^5.1.0"
    "@pixi/settings" "^5.1.3"
    "@pixi/utils" "^5.1.3"

"@pixi/extract@^5.1.5":
  version "5.1.5"
  resolved "https://registry.yarnpkg.com/@pixi/extract/-/extract-5.1.5.tgz#cce1b8eadb6a5bee57035da62db5cd10558ac911"
  integrity sha512-sn13RxtWpqZq05K9IJxF/00ddMsiDlpQAwEwA8fQIsMSbt6lBTm1fa0u/nZqQjRhJk72Q+41h4LXEhZEMMowAg==
  dependencies:
    "@pixi/core" "^5.1.5"
    "@pixi/math" "^5.1.0"
    "@pixi/utils" "^5.1.3"

"@pixi/filter-alpha@^5.1.5":
  version "5.1.5"
  resolved "https://registry.yarnpkg.com/@pixi/filter-alpha/-/filter-alpha-5.1.5.tgz#a6d089e6b0e113023263d814c73321fce47db040"
  integrity sha512-Jb5e7lybvMOXjdTOEN883h2N5Qe5rLNdTmPxOoK43RR+LQMk8D/Iw3zWpQ1oIwpJFiUkgwn0CmO5YaK6STh34w==
  dependencies:
    "@pixi/core" "^5.1.5"

"@pixi/filter-blur@^5.1.5":
  version "5.1.5"
  resolved "https://registry.yarnpkg.com/@pixi/filter-blur/-/filter-blur-5.1.5.tgz#6e3560434bbd19350ea1b00733c2215d0eb517c4"
  integrity sha512-9eSJtg8kLwKrNnJmg2c1vlOcP0PYhvZdUk97D2+HrE0j1BZTJ2OxHb26UJSiMU0kBCUomtuFvCiNtFT2GCWbjg==
  dependencies:
    "@pixi/core" "^5.1.5"
    "@pixi/settings" "^5.1.3"

"@pixi/filter-color-matrix@^5.1.5":
  version "5.1.5"
  resolved "https://registry.yarnpkg.com/@pixi/filter-color-matrix/-/filter-color-matrix-5.1.5.tgz#c4b0f05345a35fda5887e3aa1f28b641db1e84a4"
  integrity sha512-zhg8FE22WA7sH1mhvjjSaWav7BXFbU63usdh9pVNv2Hd7cuDtO9x8aLy+RqGozqENfYHzRUlTdKrNdl5QEbYMg==
  dependencies:
    "@pixi/core" "^5.1.5"

"@pixi/filter-displacement@^5.1.5":
  version "5.1.5"
  resolved "https://registry.yarnpkg.com/@pixi/filter-displacement/-/filter-displacement-5.1.5.tgz#4db92fe7e3593fcc8ab1be3611dfdb0b8e620e5e"
  integrity sha512-/ZzlTT+jFQTwg57jj6kl4lH+0Z3iwtp+tDXdYcusNDe44hZn9Wd+IzZkS/LCeay40cY4JPRrXznVwlZ6AiBsHQ==
  dependencies:
    "@pixi/core" "^5.1.5"
    "@pixi/math" "^5.1.0"

"@pixi/filter-fxaa@^5.1.5":
  version "5.1.5"
  resolved "https://registry.yarnpkg.com/@pixi/filter-fxaa/-/filter-fxaa-5.1.5.tgz#22115d26cf8a6469b87ef64d6af44d58a9026e83"
  integrity sha512-Zg2pSBpb0pxJozWraNrHUC97C3gSjK+NSaMGBN6NpfaGcn+/xaZjFBwwYDeTpHAw6IDV+3Ln+z7D5h9pPEliKg==
  dependencies:
    "@pixi/core" "^5.1.5"

"@pixi/filter-noise@^5.1.5":
  version "5.1.5"
  resolved "https://registry.yarnpkg.com/@pixi/filter-noise/-/filter-noise-5.1.5.tgz#f505e7eec3daa9b285efec31516b3314a9e740bf"
  integrity sha512-/HGr9dxvBVc+qRJ/JU/6ZHz3BshnUwCTgEfQtxJmo2I6lqn9cWoiL4q+iKk9QkGmLtLNip77zc0KveYN01eh/g==
  dependencies:
    "@pixi/core" "^5.1.5"

"@pixi/graphics@^5.1.5":
  version "5.1.5"
  resolved "https://registry.yarnpkg.com/@pixi/graphics/-/graphics-5.1.5.tgz#736aaf076ef5a89f7d32edc09ce99c6c909c162b"
  integrity sha512-u9uq/6ylS5oRCsWaTi0uOCuAimAvaXJ57ATKT/nylHRXv+GfbPoMJAHpqTWx8HojK7P6PBUJCenPa0BFVcq9gg==
  dependencies:
    "@pixi/constants" "^5.1.0"
    "@pixi/core" "^5.1.5"
    "@pixi/display" "^5.1.3"
    "@pixi/math" "^5.1.0"
    "@pixi/sprite" "^5.1.5"
    "@pixi/utils" "^5.1.3"

"@pixi/interaction@^5.1.5":
  version "5.1.5"
  resolved "https://registry.yarnpkg.com/@pixi/interaction/-/interaction-5.1.5.tgz#e2dfcccafcfb34aa0998752e81f67aa0176b4786"
  integrity sha512-N8SONgHZZuDLPAL3LvfMTfgRsD6084KJA9VbwJ6Ujvm95NwSInNC2HRB6uXsSYTC4I1bMcRhot3CjZkB5BEURA==
  dependencies:
    "@pixi/core" "^5.1.5"
    "@pixi/display" "^5.1.3"
    "@pixi/math" "^5.1.0"
    "@pixi/ticker" "^5.1.3"
    "@pixi/utils" "^5.1.3"

"@pixi/loaders@^5.1.5":
  version "5.1.5"
  resolved "https://registry.yarnpkg.com/@pixi/loaders/-/loaders-5.1.5.tgz#feaa96a1615f44ec82687fb5c1a5df257cfa89f5"
  integrity sha512-jcuJMMGIr7/o8HKtVL9YzUTQQGk4K4uNQylUbhnNDFVuJcVzuBwD/TCWJ/+2Y879vBzipXdhCw7JLA4F8w6bkg==
  dependencies:
    "@pixi/core" "^5.1.5"
    "@pixi/utils" "^5.1.3"
    resource-loader "^3.0.1"

"@pixi/math@^5.1.0":
  version "5.1.0"
  resolved "https://registry.yarnpkg.com/@pixi/math/-/math-5.1.0.tgz#7974cb98ec8d52a48825c8babd4d9a73dd47e8c5"
  integrity sha512-Vf9W4SgYRRQMdSq8tFViKKKGCU3iklf0RDzd+wzp4gezOxe3m0PLB7XKwvVrP1hRjUh49zIAL9JBpYREPS1EMw==

"@pixi/mesh-extras@^5.1.5":
  version "5.1.5"
  resolved "https://registry.yarnpkg.com/@pixi/mesh-extras/-/mesh-extras-5.1.5.tgz#a1e681fd2076bc8e0e5f257bb9c7878a2fb7f765"
  integrity sha512-aMjTD3kBf2h31ijYapapQOJIoQuO26i4pP7P4ux886FE8E48QSc3edXZzULq2Rc5ZdWMPUFYnd8AJ6F8dw/ocQ==
  dependencies:
    "@pixi/constants" "^5.1.0"
    "@pixi/core" "^5.1.5"
    "@pixi/math" "^5.1.0"
    "@pixi/mesh" "^5.1.5"
    "@pixi/utils" "^5.1.3"

"@pixi/mesh@^5.1.5":
  version "5.1.5"
  resolved "https://registry.yarnpkg.com/@pixi/mesh/-/mesh-5.1.5.tgz#230a75cab683b92e0d069abbdc06ab4affa1b19c"
  integrity sha512-gWBwBkIV0Dj0nA+a/ymtv4oQOium3oiehKdhSynQZj9C+pwd3YUSJGjHWs4b+TIQxZm2RHEsSSw4gCw/Ih1cuw==
  dependencies:
    "@pixi/constants" "^5.1.0"
    "@pixi/core" "^5.1.5"
    "@pixi/display" "^5.1.3"
    "@pixi/math" "^5.1.0"
    "@pixi/settings" "^5.1.3"
    "@pixi/utils" "^5.1.3"

"@pixi/mixin-cache-as-bitmap@^5.1.5":
  version "5.1.5"
  resolved "https://registry.yarnpkg.com/@pixi/mixin-cache-as-bitmap/-/mixin-cache-as-bitmap-5.1.5.tgz#50805524500a8e4ae9ab1139960875d60159a435"
  integrity sha512-XRVTz5nOgj7wUFXXIixTlg+2oynNerebUwjkw11mnr+HNP3vMmt2O8ZtXEyij2VXNMuDmbYo8/O53FI+81CnAQ==
  dependencies:
    "@pixi/core" "^5.1.5"
    "@pixi/display" "^5.1.3"
    "@pixi/math" "^5.1.0"
    "@pixi/settings" "^5.1.3"
    "@pixi/sprite" "^5.1.5"
    "@pixi/utils" "^5.1.3"

"@pixi/mixin-get-child-by-name@^5.1.3":
  version "5.1.3"
  resolved "https://registry.yarnpkg.com/@pixi/mixin-get-child-by-name/-/mixin-get-child-by-name-5.1.3.tgz#e868a8ad8c6bf0202774ebf0e2214085e411303b"
  integrity sha512-0nvNfcQAeND9iuzQr0AYCxINDaXQx5Kft8Fauu0T4LKbYAchO0qzuSpv7L+cD4LvKdvGQyxHHWP6u4wQ9yuKrg==
  dependencies:
    "@pixi/display" "^5.1.3"

"@pixi/mixin-get-global-position@^5.1.3":
  version "5.1.3"
  resolved "https://registry.yarnpkg.com/@pixi/mixin-get-global-position/-/mixin-get-global-position-5.1.3.tgz#c0454389fe40b3097d8c0bd28116cf11fefd7abc"
  integrity sha512-dgIUjjIDnI/wrNXt+ROWdv0syQeV5hlt/TJot/ULXw6HnBoDDmXqcKzIp38o3Ei6n2eQ0CUVbKYGd668tdk5EQ==
  dependencies:
    "@pixi/display" "^5.1.3"
    "@pixi/math" "^5.1.0"

"@pixi/particles@^5.1.5":
  version "5.1.5"
  resolved "https://registry.yarnpkg.com/@pixi/particles/-/particles-5.1.5.tgz#ff6500b587972ea0330fd74294d43b1dd5e6cd6a"
  integrity sha512-eIYd1wKyuzBL/re3EuyhUjXNRe8fkqbUgpeevV2e7tIoFcyK3g3cT4E1ajTv+7IIAvj2505xRJ3dxcAxLDzd6g==
  dependencies:
    "@pixi/constants" "^5.1.0"
    "@pixi/core" "^5.1.5"
    "@pixi/display" "^5.1.3"
    "@pixi/math" "^5.1.0"
    "@pixi/utils" "^5.1.3"

"@pixi/polyfill@^5.1.0":
  version "5.1.0"
  resolved "https://registry.yarnpkg.com/@pixi/polyfill/-/polyfill-5.1.0.tgz#96bf2e13d348f482f82fd280da71b2b4e9c047a5"
  integrity sha512-8M3nYCO0a599fsdLW7wv9SBYriMqS1QckKAkRuN2JualRuK/GjxZjm5Vcbcwc1gGONRUKZroH12CuPyTcU2HnQ==
  dependencies:
    es6-promise-polyfill "^1.2.0"
    object-assign "^4.1.1"

"@pixi/prepare@^5.1.5":
  version "5.1.5"
  resolved "https://registry.yarnpkg.com/@pixi/prepare/-/prepare-5.1.5.tgz#403797ae9b9ae64b391d6d2000ac71ff392b591f"
  integrity sha512-0Gq6whHFuLYy3uUVoVmRnVWMZU4Z0WSs7+BYGWrDqxlOqfuZ6ZS4SSEjzcUUvyCK8MWisEn7O3EnDRYFr+3K5g==
  dependencies:
    "@pixi/core" "^5.1.5"
    "@pixi/display" "^5.1.3"
    "@pixi/graphics" "^5.1.5"
    "@pixi/settings" "^5.1.3"
    "@pixi/text" "^5.1.5"
    "@pixi/ticker" "^5.1.3"

"@pixi/runner@^5.1.1":
  version "5.1.1"
  resolved "https://registry.yarnpkg.com/@pixi/runner/-/runner-5.1.1.tgz#dd6bb5e864851291bf96f94f394fbebb6f6368ec"
  integrity sha512-cOkWsRZlEgOB4IuiUW0PvU0JDMNpNTtyLeECg4DwIDYW4uQ0033zaZFSsN0EOeX0TFkpBmaJsgEIwpmw32VU0w==

"@pixi/settings@^5.1.3":
  version "5.1.3"
  resolved "https://registry.yarnpkg.com/@pixi/settings/-/settings-5.1.3.tgz#c2358bd7df22c6119d6228491414feb8d41d0157"
  integrity sha512-goYjVYuklNMFWFq54J7u4eYVe+qmLe6AQP+b+hF+Kskw7tSXrAVTHROqrEiqPqKSCL9umorOi6T/ZTXhk8i4Wg==
  dependencies:
    ismobilejs "^0.5.1"

"@pixi/sprite-animated@^5.1.5":
  version "5.1.5"
  resolved "https://registry.yarnpkg.com/@pixi/sprite-animated/-/sprite-animated-5.1.5.tgz#c26f02fdd73567a7676ba6877b09b687666fd8a1"
  integrity sha512-jsxqmWpDpjy7BoqVFpPWNvIeJ6yePQ0/uTyvzhKZBM8ihZVFJMa1+C4IFQpQYUCp9rlZHG6og4UzAHlwceQb+A==
  dependencies:
    "@pixi/core" "^5.1.5"
    "@pixi/sprite" "^5.1.5"
    "@pixi/ticker" "^5.1.3"

"@pixi/sprite-tiling@^5.1.5":
  version "5.1.5"
  resolved "https://registry.yarnpkg.com/@pixi/sprite-tiling/-/sprite-tiling-5.1.5.tgz#ce111ca8d7cdaee73676f77011cf7b72d93e249a"
  integrity sha512-9P0jyAA9I8hrDnN04rABxxs09Knb2AZr+Ky2yvWAUngumoMmIEbc/JtW9R8ich72uTBcl8Ax+bTz520wB36HpA==
  dependencies:
    "@pixi/constants" "^5.1.0"
    "@pixi/core" "^5.1.5"
    "@pixi/display" "^5.1.3"
    "@pixi/math" "^5.1.0"
    "@pixi/sprite" "^5.1.5"
    "@pixi/utils" "^5.1.3"

"@pixi/sprite@^5.1.5":
  version "5.1.5"
  resolved "https://registry.yarnpkg.com/@pixi/sprite/-/sprite-5.1.5.tgz#7e642678fe6c03e8ceb9211760c6f7c38e5f45c0"
  integrity sha512-a8M5P7xarbYMut3YKIb5I4hr94c0/VA18jV/eOhtyOKOsS5jkjul5WGssnIyR73aQp7iaNGWfh7FD+BiWCLzXQ==
  dependencies:
    "@pixi/constants" "^5.1.0"
    "@pixi/core" "^5.1.5"
    "@pixi/display" "^5.1.3"
    "@pixi/math" "^5.1.0"
    "@pixi/settings" "^5.1.3"
    "@pixi/utils" "^5.1.3"

"@pixi/spritesheet@^5.1.5":
  version "5.1.5"
  resolved "https://registry.yarnpkg.com/@pixi/spritesheet/-/spritesheet-5.1.5.tgz#8ac3d09baf5349a9e2bc126984701d86dcbec03d"
  integrity sha512-kZBiI/eYRKoNxOTI9h4tl13oGdCaFkH/cOI0MZ0st0Dos6clB5OJStJ19bEe/Ik1Yt7NxGCCuFLLa3WKhQ5idQ==
  dependencies:
    "@pixi/core" "^5.1.5"
    "@pixi/loaders" "^5.1.5"
    "@pixi/math" "^5.1.0"
    "@pixi/utils" "^5.1.3"

"@pixi/text-bitmap@^5.1.5":
  version "5.1.5"
  resolved "https://registry.yarnpkg.com/@pixi/text-bitmap/-/text-bitmap-5.1.5.tgz#5265eb54939442003fe59dfd281fa21cd0c79761"
  integrity sha512-Qvnq35MdDWjW9JwJsLcVpnTX4ApW52zLMeMezuTtN+QrfsXmYXRE+SOeBERccbGmyxcM2yIKIItiqS2eFvlzRw==
  dependencies:
    "@pixi/core" "^5.1.5"
    "@pixi/display" "^5.1.3"
    "@pixi/loaders" "^5.1.5"
    "@pixi/math" "^5.1.0"
    "@pixi/settings" "^5.1.3"
    "@pixi/sprite" "^5.1.5"
    "@pixi/utils" "^5.1.3"

"@pixi/text@^5.1.5":
  version "5.1.5"
  resolved "https://registry.yarnpkg.com/@pixi/text/-/text-5.1.5.tgz#cc60943ead035ff851b415e76696df518e62db36"
  integrity sha512-8pKWuyccdWrZgvssyPUrOdn7CMeetRTpM8W51KYwU8gla6tnddMj3TaBW56dXRdtddadDc2KdGtDYPOuonHOfA==
  dependencies:
    "@pixi/core" "^5.1.5"
    "@pixi/math" "^5.1.0"
    "@pixi/settings" "^5.1.3"
    "@pixi/sprite" "^5.1.5"
    "@pixi/utils" "^5.1.3"

"@pixi/ticker@^5.1.3":
  version "5.1.3"
  resolved "https://registry.yarnpkg.com/@pixi/ticker/-/ticker-5.1.3.tgz#76369ac05022de1765398b62a1275cd6012e038d"
  integrity sha512-IuJTMTfdboR6049b+HnSClGj7Lz5gObVoxuMc3flY493XAvrQk4XrBo57QDlVOdjVBiDW0gZ9DlUr1lwNFI7zQ==
  dependencies:
    "@pixi/settings" "^5.1.3"

"@pixi/utils@^5.1.3":
  version "5.1.3"
  resolved "https://registry.yarnpkg.com/@pixi/utils/-/utils-5.1.3.tgz#d5e38dabe626d3d285f92353aa29a96a727b82de"
  integrity sha512-w2ULIc97p1tnAZ7L0aSClDeIpuCYrauOKbnWYG8C8zTVfHWFKAHVamvzYnVaeXw4CN9jwERK/JYY/y2VFZXHuw==
  dependencies:
    "@pixi/constants" "^5.1.0"
    "@pixi/settings" "^5.1.3"
    earcut "^2.1.5"
    eventemitter3 "^3.1.0"
    url "^0.11.0"

"@polka/url@^0.5.0":
  version "0.5.0"
  resolved "https://registry.yarnpkg.com/@polka/url/-/url-0.5.0.tgz#b21510597fd601e5d7c95008b76bf0d254ebfd31"
  integrity sha512-oZLYFEAzUKyi3SKnXvj32ZCEGH6RDnao7COuCVhDydMS9NrCSVXhM79VaKyP5+Zc33m0QXEd2DN3UkU7OsHcfw==

console-clear@^1.1.0:
  version "1.1.1"
  resolved "https://registry.yarnpkg.com/console-clear/-/console-clear-1.1.1.tgz#995e20cbfbf14dd792b672cde387bd128d674bf7"
  integrity sha512-pMD+MVR538ipqkG5JXeOEbKWS5um1H4LUUccUQG68qpeqBYbzYy79Gh55jkd2TtPdRfUaLWdv6LPP//5Zt0aPQ==

earcut@^2.1.5:
  version "2.2.1"
  resolved "https://registry.yarnpkg.com/earcut/-/earcut-2.2.1.tgz#3bae0b1b6fec41853b56b126f03a42a34b28f1d5"
  integrity sha512-5jIMi2RB3HtGPHcYd9Yyl0cczo84y+48lgKPxMijliNQaKAHEZJbdzLmKmdxG/mCdS/YD9DQ1gihL8mxzR0F9w==

es6-promise-polyfill@^1.2.0:
  version "1.2.0"
  resolved "https://registry.yarnpkg.com/es6-promise-polyfill/-/es6-promise-polyfill-1.2.0.tgz#f38925f23cb3e3e8ce6cda8ff774fcebbb090cde"
  integrity sha1-84kl8jyz4+jObNqP93T867sJDN4=

eventemitter3@^3.1.0:
  version "3.1.2"
  resolved "https://registry.yarnpkg.com/eventemitter3/-/eventemitter3-3.1.2.tgz#2d3d48f9c346698fce83a85d7d664e98535df6e7"
  integrity sha512-tvtQIeLVHjDkJYnzf2dgVMxfuSGJeM/7UCG17TT4EumTfNtF+0nebF/4zWOIkCreAbtNqhGEboB6BWrwqNaw4Q==

get-port@^3.2.0:
  version "3.2.0"
  resolved "https://registry.yarnpkg.com/get-port/-/get-port-3.2.0.tgz#dd7ce7de187c06c8bf353796ac71e099f0980ebc"
  integrity sha1-3Xzn3hh8Bsi/NTeWrHHgmfCYDrw=

ismobilejs@^0.5.1:
  version "0.5.2"
  resolved "https://registry.yarnpkg.com/ismobilejs/-/ismobilejs-0.5.2.tgz#e81bacf6187c532ad8348355f4fecd6e6adfdce1"
  integrity sha512-ta9UdV60xVZk/ZafFtSFslQaE76SvNkcs1r73d2PVR21zVzx9xuYv9tNe4MxA1NN7WoeCc2RjGot3Bz1eHDx3Q==

kleur@^3.0.0:
  version "3.0.3"
  resolved "https://registry.yarnpkg.com/kleur/-/kleur-3.0.3.tgz#a79c9ecc86ee1ce3fa6206d1216c501f147fc07e"
  integrity sha512-eTIzlVOSUR+JxdDFepEYcBMtZ9Qqdef+rnzWdRZuMbOywu5tO2w2N7rqjoANZ5k9vywhL6Br1VRjUIgTQx4E8w==

local-access@^1.0.1:
  version "1.0.1"
  resolved "https://registry.yarnpkg.com/local-access/-/local-access-1.0.1.tgz#5121258146d64e869046c642ea4f1dd39ff942bb"
  integrity sha512-ykt2pgN0aqIy6KQC1CqdWTWkmUwNgaOS6dcpHVjyBJONA+Xi7AtSB1vuxC/U/0tjIP3wcRudwQk1YYzUvzk2bA==

mime@^2.3.1:
  version "2.4.4"
  resolved "https://registry.yarnpkg.com/mime/-/mime-2.4.4.tgz#bd7b91135fc6b01cde3e9bae33d659b63d8857e5"
  integrity sha512-LRxmNwziLPT828z+4YkNzloCFC2YM4wrB99k+AV5ZbEyfGNWfG8SO1FUXLmLDBSo89NrJZ4DIWeLjy1CHGhMGA==

mini-signals@^1.2.0:
  version "1.2.0"
  resolved "https://registry.yarnpkg.com/mini-signals/-/mini-signals-1.2.0.tgz#45b08013c5fae51a24aa1a935cd317c9ed721d74"
  integrity sha1-RbCAE8X65RokqhqTXNMXye1yHXQ=

mri@^1.1.0:
  version "1.1.4"
  resolved "https://registry.yarnpkg.com/mri/-/mri-1.1.4.tgz#7cb1dd1b9b40905f1fac053abe25b6720f44744a"
  integrity sha512-6y7IjGPm8AzlvoUrwAaw1tLnUBudaS3752vcd8JtrpGGQn+rXIe63LFVHm/YMwtqAuh+LJPCFdlLYPWM1nYn6w==

object-assign@^4.1.1:
  version "4.1.1"
  resolved "https://registry.yarnpkg.com/object-assign/-/object-assign-4.1.1.tgz#2109adc7965887cfc05cbbd442cac8bfbb360863"
  integrity sha1-IQmtx5ZYh8/AXLvUQsrIv7s2CGM=

parse-uri@^1.0.0:
  version "1.0.0"
  resolved "https://registry.yarnpkg.com/parse-uri/-/parse-uri-1.0.0.tgz#2872dcc22f1a797acde1583d8a0ac29552ddac20"
  integrity sha1-KHLcwi8aeXrN4Vg9igrClVLdrCA=

pixi.js@^5.1.5:
  version "5.1.5"
  resolved "https://registry.yarnpkg.com/pixi.js/-/pixi.js-5.1.5.tgz#96e8140652c8f53d5adde9d679d5a8f8a0ef626f"
  integrity sha512-VUvM/eoOahQV1wx+wEOM7/Xw+XXdbwP3qGaANZKeJAyVvOa4ZcsSTyWHV9bAITOJFyoLhJ/h7h2QCNtvv1s/WA==
  dependencies:
    "@pixi/accessibility" "^5.1.5"
    "@pixi/app" "^5.1.5"
    "@pixi/constants" "^5.1.0"
    "@pixi/core" "^5.1.5"
    "@pixi/display" "^5.1.3"
    "@pixi/extract" "^5.1.5"
    "@pixi/filter-alpha" "^5.1.5"
    "@pixi/filter-blur" "^5.1.5"
    "@pixi/filter-color-matrix" "^5.1.5"
    "@pixi/filter-displacement" "^5.1.5"
    "@pixi/filter-fxaa" "^5.1.5"
    "@pixi/filter-noise" "^5.1.5"
    "@pixi/graphics" "^5.1.5"
    "@pixi/interaction" "^5.1.5"
    "@pixi/loaders" "^5.1.5"
    "@pixi/math" "^5.1.0"
    "@pixi/mesh" "^5.1.5"
    "@pixi/mesh-extras" "^5.1.5"
    "@pixi/mixin-cache-as-bitmap" "^5.1.5"
    "@pixi/mixin-get-child-by-name" "^5.1.3"
    "@pixi/mixin-get-global-position" "^5.1.3"
    "@pixi/particles" "^5.1.5"
    "@pixi/polyfill" "^5.1.0"
    "@pixi/prepare" "^5.1.5"
    "@pixi/runner" "^5.1.1"
    "@pixi/settings" "^5.1.3"
    "@pixi/sprite" "^5.1.5"
    "@pixi/sprite-animated" "^5.1.5"
    "@pixi/sprite-tiling" "^5.1.5"
    "@pixi/spritesheet" "^5.1.5"
    "@pixi/text" "^5.1.5"
    "@pixi/text-bitmap" "^5.1.5"
    "@pixi/ticker" "^5.1.3"
    "@pixi/utils" "^5.1.3"

punycode@1.3.2:
  version "1.3.2"
  resolved "https://registry.yarnpkg.com/punycode/-/punycode-1.3.2.tgz#9653a036fb7c1ee42342f2325cceefea3926c48d"
  integrity sha1-llOgNvt8HuQjQvIyXM7v6jkmxI0=

querystring@0.2.0:
  version "0.2.0"
  resolved "https://registry.yarnpkg.com/querystring/-/querystring-0.2.0.tgz#b209849203bb25df820da756e747005878521620"
  integrity sha1-sgmEkgO7Jd+CDadW50cAWHhSFiA=

resource-loader@^3.0.1:
  version "3.0.1"
  resolved "https://registry.yarnpkg.com/resource-loader/-/resource-loader-3.0.1.tgz#33355bb5421e2994f59454bbc7f6dbff8df06d47"
  integrity sha512-fBuCRbEHdLCI1eglzQhUv9Rrdcmqkydr1r6uHE2cYHvRBrcLXeSmbE/qI/urFt8rPr/IGxir3BUwM5kUK8XoyA==
  dependencies:
    mini-signals "^1.2.0"
    parse-uri "^1.0.0"

sade@^1.4.0:
  version "1.6.1"
  resolved "https://registry.yarnpkg.com/sade/-/sade-1.6.1.tgz#aba16655e998b2b68beb9f13938af010f42eddd2"
  integrity sha512-USHm9quYNmJwFwhOnEuJohdnBhUOKV1mhL0koHSJMLJaesRX0nuDuzbWmtUBbUmXkwTalLtUBzDlEnU940BiQA==
  dependencies:
    mri "^1.1.0"

sirv-cli@^0.4.4:
  version "0.4.4"
  resolved "https://registry.yarnpkg.com/sirv-cli/-/sirv-cli-0.4.4.tgz#810bb98a76905b90ee349fcc8306b9995e045baa"
  integrity sha512-7SsPrYWptRcOvS7/8VIxYDibLDRB4apZaU+y8lfuSnyjYFg0AVVU3J0qcQjWPxT9Ti/DtHnmbivJ+ZTh8L0ykg==
  dependencies:
    console-clear "^1.1.0"
    get-port "^3.2.0"
    kleur "^3.0.0"
    local-access "^1.0.1"
    sade "^1.4.0"
    sirv "^0.4.2"
    tinydate "^1.0.0"

sirv@^0.4.2:
  version "0.4.2"
  resolved "https://registry.yarnpkg.com/sirv/-/sirv-0.4.2.tgz#842ed22f3aab58faee84eea66cf66066e123d6db"
  integrity sha512-dQbZnsMaIiTQPZmbGmktz+c74zt/hyrJEB4tdp2Jj0RNv9J6B/OWR5RyrZEvIn9fyh9Zlg2OlE2XzKz6wMKGAw==
  dependencies:
    "@polka/url" "^0.5.0"
    mime "^2.3.1"

svelte-fragment@^1.0.1:
  version "1.0.1"
  resolved "https://registry.yarnpkg.com/svelte-fragment/-/svelte-fragment-1.0.1.tgz#7a1d6447bb0508451401fcdbd02ed87bd8b1b5ed"
  integrity sha512-ZmuKDMPhsn/TFV3w1nIfwIJE+QJtvH1my6ETB/vPtbb7+zYTSiuLxNsjWLglYZdQAIWgthEoS7t8DeVBB3Wjfg==

tinydate@^1.0.0:
  version "1.2.0"
  resolved "https://registry.yarnpkg.com/tinydate/-/tinydate-1.2.0.tgz#36b4bb02715f89743f3ef9073d3573d005a28d0e"
  integrity sha512-3GwPk8VhDFnUZ2TrgkhXJs6hcMAIIw4x/xkz+ayK6dGoQmp2nUwKzBXK0WnMsqkh6vfUhpqQicQF3rbshfyJkg==

url@^0.11.0:
  version "0.11.0"
  resolved "https://registry.yarnpkg.com/url/-/url-0.11.0.tgz#3838e97cfc60521eb73c525a8e55bfdd9e2e28f1"
  integrity sha1-ODjpfPxgUh63PFJajlW/3Z4uKPE=
  dependencies:
    punycode "1.3.2"
    querystring "0.2.0"
